// !$*UTF8*$!
{
	archiveVersion = 1;
	classes = {
	};
	objectVersion = 50;
	objects = {

/* Begin PBXBuildFile section */
		5D197F62F5E70AA1D17720D0 /* Pods_PokemonProject.framework in Frameworks */ = {isa = PBXBuildFile; fileRef = ACA490F144F23CA726261095 /* Pods_PokemonProject.framework */; };
		6AA91B1321C58D6E009D96DE /* HighScoreTableViewController.swift in Sources */ = {isa = PBXBuildFile; fileRef = 6AA91B1221C58D6E009D96DE /* HighScoreTableViewController.swift */; };
		6AA91B1521C5968F009D96DE /* NewPokemonViewController.swift in Sources */ = {isa = PBXBuildFile; fileRef = 6AA91B1421C5968F009D96DE /* NewPokemonViewController.swift */; };
		6AABC3B021B4B2BF00E32DD3 /* SignUpViewController.swift in Sources */ = {isa = PBXBuildFile; fileRef = 6AABC3AF21B4B2BF00E32DD3 /* SignUpViewController.swift */; };
		6AC485F121BCC31500F1C997 /* FightViewController.swift in Sources */ = {isa = PBXBuildFile; fileRef = 6AC485F021BCC31500F1C997 /* FightViewController.swift */; };
		6AF02BCA21BC402800AD65A0 /* GameViewController.swift in Sources */ = {isa = PBXBuildFile; fileRef = 6AF02BC921BC402800AD65A0 /* GameViewController.swift */; };
		6AF02BCC21BC6B7D00AD65A0 /* ReplaceControllerSegue.swift in Sources */ = {isa = PBXBuildFile; fileRef = 6AF02BCB21BC6B7D00AD65A0 /* ReplaceControllerSegue.swift */; };
		6AF8CB9F21ADDD070060ECBB /* AppDelegate.swift in Sources */ = {isa = PBXBuildFile; fileRef = 6AF8CB9E21ADDD070060ECBB /* AppDelegate.swift */; };
		6AF8CBA121ADDD070060ECBB /* ViewController.swift in Sources */ = {isa = PBXBuildFile; fileRef = 6AF8CBA021ADDD070060ECBB /* ViewController.swift */; };
		6AF8CBA421ADDD070060ECBB /* Main.storyboard in Resources */ = {isa = PBXBuildFile; fileRef = 6AF8CBA221ADDD070060ECBB /* Main.storyboard */; };
		6AF8CBA621ADDD070060ECBB /* Assets.xcassets in Resources */ = {isa = PBXBuildFile; fileRef = 6AF8CBA521ADDD070060ECBB /* Assets.xcassets */; };
		6AF8CBA921ADDD070060ECBB /* LaunchScreen.storyboard in Resources */ = {isa = PBXBuildFile; fileRef = 6AF8CBA721ADDD070060ECBB /* LaunchScreen.storyboard */; };
		6AF8CBB121ADDDC10060ECBB /* GoogleService-Info.plist in Resources */ = {isa = PBXBuildFile; fileRef = 6AF8CBB021ADDDC10060ECBB /* GoogleService-Info.plist */; };
		6AF8CBB321AE0F0F0060ECBB /* ProfileViewController.swift in Sources */ = {isa = PBXBuildFile; fileRef = 6AF8CBB221AE0F0F0060ECBB /* ProfileViewController.swift */; };
/* End PBXBuildFile section */

/* Begin PBXFileReference section */
		2BDAE940599C1AE447994C78 /* Pods-PokemonProject.debug.xcconfig */ = {isa = PBXFileReference; includeInIndex = 1; lastKnownFileType = text.xcconfig; name = "Pods-PokemonProject.debug.xcconfig"; path = "Pods/Target Support Files/Pods-PokemonProject/Pods-PokemonProject.debug.xcconfig"; sourceTree = "<group>"; };
		36551A0B48ABAC087CBFF7D1 /* Pods-PokemonProject.release.xcconfig */ = {isa = PBXFileReference; includeInIndex = 1; lastKnownFileType = text.xcconfig; name = "Pods-PokemonProject.release.xcconfig"; path = "Pods/Target Support Files/Pods-PokemonProject/Pods-PokemonProject.release.xcconfig"; sourceTree = "<group>"; };
		6AA91B1221C58D6E009D96DE /* HighScoreTableViewController.swift */ = {isa = PBXFileReference; lastKnownFileType = sourcecode.swift; path = HighScoreTableViewController.swift; sourceTree = "<group>"; };
		6AA91B1421C5968F009D96DE /* NewPokemonViewController.swift */ = {isa = PBXFileReference; lastKnownFileType = sourcecode.swift; path = NewPokemonViewController.swift; sourceTree = "<group>"; };
		6AABC3AF21B4B2BF00E32DD3 /* SignUpViewController.swift */ = {isa = PBXFileReference; lastKnownFileType = sourcecode.swift; path = SignUpViewController.swift; sourceTree = "<group>"; };
		6AC485F021BCC31500F1C997 /* FightViewController.swift */ = {isa = PBXFileReference; lastKnownFileType = sourcecode.swift; path = FightViewController.swift; sourceTree = "<group>"; };
		6AF02BC921BC402800AD65A0 /* GameViewController.swift */ = {isa = PBXFileReference; lastKnownFileType = sourcecode.swift; path = GameViewController.swift; sourceTree = "<group>"; };
		6AF02BCB21BC6B7D00AD65A0 /* ReplaceControllerSegue.swift */ = {isa = PBXFileReference; lastKnownFileType = sourcecode.swift; path = ReplaceControllerSegue.swift; sourceTree = "<group>"; };
		6AF8CB9B21ADDD070060ECBB /* PokemonProject.app */ = {isa = PBXFileReference; explicitFileType = wrapper.application; includeInIndex = 0; path = PokemonProject.app; sourceTree = BUILT_PRODUCTS_DIR; };
		6AF8CB9E21ADDD070060ECBB /* AppDelegate.swift */ = {isa = PBXFileReference; lastKnownFileType = sourcecode.swift; path = AppDelegate.swift; sourceTree = "<group>"; };
		6AF8CBA021ADDD070060ECBB /* ViewController.swift */ = {isa = PBXFileReference; lastKnownFileType = sourcecode.swift; path = ViewController.swift; sourceTree = "<group>"; };
		6AF8CBA321ADDD070060ECBB /* Base */ = {isa = PBXFileReference; lastKnownFileType = file.storyboard; name = Base; path = Base.lproj/Main.storyboard; sourceTree = "<group>"; };
		6AF8CBA521ADDD070060ECBB /* Assets.xcassets */ = {isa = PBXFileReference; lastKnownFileType = folder.assetcatalog; path = Assets.xcassets; sourceTree = "<group>"; };
		6AF8CBA821ADDD070060ECBB /* Base */ = {isa = PBXFileReference; lastKnownFileType = file.storyboard; name = Base; path = Base.lproj/LaunchScreen.storyboard; sourceTree = "<group>"; };
		6AF8CBAA21ADDD070060ECBB /* Info.plist */ = {isa = PBXFileReference; lastKnownFileType = text.plist.xml; path = Info.plist; sourceTree = "<group>"; };
		6AF8CBB021ADDDC10060ECBB /* GoogleService-Info.plist */ = {isa = PBXFileReference; fileEncoding = 4; lastKnownFileType = text.plist.xml; name = "GoogleService-Info.plist"; path = "../../../Downloads/GoogleService-Info.plist"; sourceTree = "<group>"; };
		6AF8CBB221AE0F0F0060ECBB /* ProfileViewController.swift */ = {isa = PBXFileReference; lastKnownFileType = sourcecode.swift; path = ProfileViewController.swift; sourceTree = "<group>"; };
		ACA490F144F23CA726261095 /* Pods_PokemonProject.framework */ = {isa = PBXFileReference; explicitFileType = wrapper.framework; includeInIndex = 0; path = Pods_PokemonProject.framework; sourceTree = BUILT_PRODUCTS_DIR; };
/* End PBXFileReference section */

/* Begin PBXFrameworksBuildPhase section */
		6AF8CB9821ADDD070060ECBB /* Frameworks */ = {
			isa = PBXFrameworksBuildPhase;
			buildActionMask = 2147483647;
			files = (
				5D197F62F5E70AA1D17720D0 /* Pods_PokemonProject.framework in Frameworks */,
			);
			runOnlyForDeploymentPostprocessing = 0;
		};
/* End PBXFrameworksBuildPhase section */

/* Begin PBXGroup section */
		450AFDCC361DBB37973017AF /* Frameworks */ = {
			isa = PBXGroup;
			children = (
				ACA490F144F23CA726261095 /* Pods_PokemonProject.framework */,
			);
			name = Frameworks;
			sourceTree = "<group>";
		};
		6AF8CB9221ADDD070060ECBB = {
			isa = PBXGroup;
			children = (
				6AF8CB9D21ADDD070060ECBB /* PokemonProject */,
				6AF8CB9C21ADDD070060ECBB /* Products */,
				BE16403B240CE1CD0DB44280 /* Pods */,
				450AFDCC361DBB37973017AF /* Frameworks */,
			);
			sourceTree = "<group>";
		};
		6AF8CB9C21ADDD070060ECBB /* Products */ = {
			isa = PBXGroup;
			children = (
				6AF8CB9B21ADDD070060ECBB /* PokemonProject.app */,
			);
			name = Products;
			sourceTree = "<group>";
		};
		6AF8CB9D21ADDD070060ECBB /* PokemonProject */ = {
			isa = PBXGroup;
			children = (
				6AF8CB9E21ADDD070060ECBB /* AppDelegate.swift */,
				6AF8CBA021ADDD070060ECBB /* ViewController.swift */,
				6AF8CBA221ADDD070060ECBB /* Main.storyboard */,
				6AF8CBB021ADDDC10060ECBB /* GoogleService-Info.plist */,
				6AF8CBA521ADDD070060ECBB /* Assets.xcassets */,
				6AF8CBA721ADDD070060ECBB /* LaunchScreen.storyboard */,
				6AF8CBAA21ADDD070060ECBB /* Info.plist */,
				6AF8CBB221AE0F0F0060ECBB /* ProfileViewController.swift */,
				6AABC3AF21B4B2BF00E32DD3 /* SignUpViewController.swift */,
				6AF02BC921BC402800AD65A0 /* GameViewController.swift */,
				6AF02BCB21BC6B7D00AD65A0 /* ReplaceControllerSegue.swift */,
				6AC485F021BCC31500F1C997 /* FightViewController.swift */,
				6AA91B1221C58D6E009D96DE /* HighScoreTableViewController.swift */,
				6AA91B1421C5968F009D96DE /* NewPokemonViewController.swift */,
			);
			path = PokemonProject;
			sourceTree = "<group>";
		};
		BE16403B240CE1CD0DB44280 /* Pods */ = {
			isa = PBXGroup;
			children = (
				2BDAE940599C1AE447994C78 /* Pods-PokemonProject.debug.xcconfig */,
				36551A0B48ABAC087CBFF7D1 /* Pods-PokemonProject.release.xcconfig */,
			);
			name = Pods;
			sourceTree = "<group>";
		};
/* End PBXGroup section */

/* Begin PBXNativeTarget section */
		6AF8CB9A21ADDD070060ECBB /* PokemonProject */ = {
			isa = PBXNativeTarget;
			buildConfigurationList = 6AF8CBAD21ADDD070060ECBB /* Build configuration list for PBXNativeTarget "PokemonProject" */;
			buildPhases = (
				CA0D7EFA643D14F67DCD0229 /* [CP] Check Pods Manifest.lock */,
				6AF8CB9721ADDD070060ECBB /* Sources */,
				6AF8CB9821ADDD070060ECBB /* Frameworks */,
				6AF8CB9921ADDD070060ECBB /* Resources */,
				3BB0AAE2F2195C0000D20BD1 /* [CP] Embed Pods Frameworks */,
				EEDA5ED609E0E84F64E73FA7 /* [CP] Copy Pods Resources */,
			);
			buildRules = (
			);
			dependencies = (
			);
			name = PokemonProject;
			productName = PokemonProject;
			productReference = 6AF8CB9B21ADDD070060ECBB /* PokemonProject.app */;
			productType = "com.apple.product-type.application";
		};
/* End PBXNativeTarget section */

/* Begin PBXProject section */
		6AF8CB9321ADDD070060ECBB /* Project object */ = {
			isa = PBXProject;
			attributes = {
				LastSwiftUpdateCheck = 1010;
				LastUpgradeCheck = 1010;
				ORGANIZATIONNAME = "Rathin Chopra";
				TargetAttributes = {
					6AF8CB9A21ADDD070060ECBB = {
						CreatedOnToolsVersion = 10.1;
					};
				};
			};
			buildConfigurationList = 6AF8CB9621ADDD070060ECBB /* Build configuration list for PBXProject "PokemonProject" */;
			compatibilityVersion = "Xcode 9.3";
			developmentRegion = en;
			hasScannedForEncodings = 0;
			knownRegions = (
				en,
				Base,
			);
			mainGroup = 6AF8CB9221ADDD070060ECBB;
			productRefGroup = 6AF8CB9C21ADDD070060ECBB /* Products */;
			projectDirPath = "";
			projectRoot = "";
			targets = (
				6AF8CB9A21ADDD070060ECBB /* PokemonProject */,
			);
		};
/* End PBXProject section */

/* Begin PBXResourcesBuildPhase section */
		6AF8CB9921ADDD070060ECBB /* Resources */ = {
			isa = PBXResourcesBuildPhase;
			buildActionMask = 2147483647;
			files = (
				6AF8CBA921ADDD070060ECBB /* LaunchScreen.storyboard in Resources */,
				6AF8CBB121ADDDC10060ECBB /* GoogleService-Info.plist in Resources */,
				6AF8CBA621ADDD070060ECBB /* Assets.xcassets in Resources */,
				6AF8CBA421ADDD070060ECBB /* Main.storyboard in Resources */,
			);
			runOnlyForDeploymentPostprocessing = 0;
		};
/* End PBXResourcesBuildPhase section */

/* Begin PBXShellScriptBuildPhase section */
		3BB0AAE2F2195C0000D20BD1 /* [CP] Embed Pods Frameworks */ = {
			isa = PBXShellScriptBuildPhase;
			buildActionMask = 2147483647;
			files = (
			);
			inputPaths = (
				"${SRCROOT}/Pods/Target Support Files/Pods-PokemonProject/Pods-PokemonProject-frameworks.sh",
				"${BUILT_PRODUCTS_DIR}/Alamofire/Alamofire.framework",
				"${BUILT_PRODUCTS_DIR}/Bolts/Bolts.framework",
				"${BUILT_PRODUCTS_DIR}/BoringSSL/openssl.framework",
				"${BUILT_PRODUCTS_DIR}/ChameleonFramework/ChameleonFramework.framework",
				"${BUILT_PRODUCTS_DIR}/FBSDKCoreKit/FBSDKCoreKit.framework",
				"${BUILT_PRODUCTS_DIR}/FBSDKLoginKit/FBSDKLoginKit.framework",
				"${BUILT_PRODUCTS_DIR}/GTMOAuth2/GTMOAuth2.framework",
				"${BUILT_PRODUCTS_DIR}/GTMSessionFetcher/GTMSessionFetcher.framework",
				"${BUILT_PRODUCTS_DIR}/GoogleToolboxForMac/GoogleToolboxForMac.framework",
				"${BUILT_PRODUCTS_DIR}/GoogleUtilities/GoogleUtilities.framework",
				"${BUILT_PRODUCTS_DIR}/Protobuf/Protobuf.framework",
				"${BUILT_PRODUCTS_DIR}/SDWebImage/SDWebImage.framework",
				"${BUILT_PRODUCTS_DIR}/SteviaLayout/Stevia.framework",
				"${BUILT_PRODUCTS_DIR}/SwiftyJSON/SwiftyJSON.framework",
				"${PODS_ROOT}/TwitterCore/iOS/TwitterCore.framework",
				"${PODS_ROOT}/TwitterKit/iOS/TwitterKit.framework",
				"${BUILT_PRODUCTS_DIR}/gRPC-C++/grpcpp.framework",
				"${BUILT_PRODUCTS_DIR}/gRPC-Core/grpc.framework",
				"${BUILT_PRODUCTS_DIR}/leveldb-library/leveldb.framework",
				"${BUILT_PRODUCTS_DIR}/nanopb/nanopb.framework",
			);
			name = "[CP] Embed Pods Frameworks";
			outputPaths = (
				"${TARGET_BUILD_DIR}/${FRAMEWORKS_FOLDER_PATH}/Alamofire.framework",
				"${TARGET_BUILD_DIR}/${FRAMEWORKS_FOLDER_PATH}/Bolts.framework",
				"${TARGET_BUILD_DIR}/${FRAMEWORKS_FOLDER_PATH}/openssl.framework",
				"${TARGET_BUILD_DIR}/${FRAMEWORKS_FOLDER_PATH}/ChameleonFramework.framework",
				"${TARGET_BUILD_DIR}/${FRAMEWORKS_FOLDER_PATH}/FBSDKCoreKit.framework",
				"${TARGET_BUILD_DIR}/${FRAMEWORKS_FOLDER_PATH}/FBSDKLoginKit.framework",
				"${TARGET_BUILD_DIR}/${FRAMEWORKS_FOLDER_PATH}/GTMOAuth2.framework",
				"${TARGET_BUILD_DIR}/${FRAMEWORKS_FOLDER_PATH}/GTMSessionFetcher.framework",
				"${TARGET_BUILD_DIR}/${FRAMEWORKS_FOLDER_PATH}/GoogleToolboxForMac.framework",
				"${TARGET_BUILD_DIR}/${FRAMEWORKS_FOLDER_PATH}/GoogleUtilities.framework",
				"${TARGET_BUILD_DIR}/${FRAMEWORKS_FOLDER_PATH}/Protobuf.framework",
				"${TARGET_BUILD_DIR}/${FRAMEWORKS_FOLDER_PATH}/SDWebImage.framework",
				"${TARGET_BUILD_DIR}/${FRAMEWORKS_FOLDER_PATH}/Stevia.framework",
				"${TARGET_BUILD_DIR}/${FRAMEWORKS_FOLDER_PATH}/SwiftyJSON.framework",
				"${TARGET_BUILD_DIR}/${FRAMEWORKS_FOLDER_PATH}/TwitterCore.framework",
				"${TARGET_BUILD_DIR}/${FRAMEWORKS_FOLDER_PATH}/TwitterKit.framework",
				"${TARGET_BUILD_DIR}/${FRAMEWORKS_FOLDER_PATH}/grpcpp.framework",
				"${TARGET_BUILD_DIR}/${FRAMEWORKS_FOLDER_PATH}/grpc.framework",
				"${TARGET_BUILD_DIR}/${FRAMEWORKS_FOLDER_PATH}/leveldb.framework",
				"${TARGET_BUILD_DIR}/${FRAMEWORKS_FOLDER_PATH}/nanopb.framework",
			);
			runOnlyForDeploymentPostprocessing = 0;
			shellPath = /bin/sh;
			shellScript = "\"${SRCROOT}/Pods/Target Support Files/Pods-PokemonProject/Pods-PokemonProject-frameworks.sh\"\n";
			showEnvVarsInLog = 0;
		};
		CA0D7EFA643D14F67DCD0229 /* [CP] Check Pods Manifest.lock */ = {
			isa = PBXShellScriptBuildPhase;
			buildActionMask = 2147483647;
			files = (
			);
			inputPaths = (
				"${PODS_PODFILE_DIR_PATH}/Podfile.lock",
				"${PODS_ROOT}/Manifest.lock",
			);
			name = "[CP] Check Pods Manifest.lock";
			outputPaths = (
				"$(DERIVED_FILE_DIR)/Pods-PokemonProject-checkManifestLockResult.txt",
			);
			runOnlyForDeploymentPostprocessing = 0;
			shellPath = /bin/sh;
			shellScript = "diff \"${PODS_PODFILE_DIR_PATH}/Podfile.lock\" \"${PODS_ROOT}/Manifest.lock\" > /dev/null\nif [ $? != 0 ] ; then\n    # print error to STDERR\n    echo \"error: The sandbox is not in sync with the Podfile.lock. Run 'pod install' or update your CocoaPods installation.\" >&2\n    exit 1\nfi\n# This output is used by Xcode 'outputs' to avoid re-running this script phase.\necho \"SUCCESS\" > \"${SCRIPT_OUTPUT_FILE_0}\"\n";
			showEnvVarsInLog = 0;
		};
		EEDA5ED609E0E84F64E73FA7 /* [CP] Copy Pods Resources */ = {
			isa = PBXShellScriptBuildPhase;
			buildActionMask = 2147483647;
			files = (
			);
			inputPaths = (
				"${SRCROOT}/Pods/Target Support Files/Pods-PokemonProject/Pods-PokemonProject-resources.sh",
				"${PODS_CONFIGURATION_BUILD_DIR}/FirebaseFirestore/gRPCCertificates.bundle",
				"${PODS_CONFIGURATION_BUILD_DIR}/FirebaseUI/FirebaseAnonymousAuthUI.bundle",
				"${PODS_CONFIGURATION_BUILD_DIR}/FirebaseUI/FirebaseAuthUI.bundle",
				"${PODS_CONFIGURATION_BUILD_DIR}/FirebaseUI/FirebaseFacebookAuthUI.bundle",
				"${PODS_CONFIGURATION_BUILD_DIR}/FirebaseUI/FirebaseGoogleAuthUI.bundle",
				"${PODS_CONFIGURATION_BUILD_DIR}/FirebaseUI/FirebasePhoneAuthUI.bundle",
				"${PODS_CONFIGURATION_BUILD_DIR}/FirebaseUI/FirebaseTwitterAuthUI.bundle",
				"${PODS_ROOT}/GoogleSignIn/Resources/GoogleSignIn.bundle",
				"${PODS_ROOT}/TwitterKit/iOS/TwitterKit.framework/TwitterKitResources.bundle",
			);
			name = "[CP] Copy Pods Resources";
			outputPaths = (
				"${TARGET_BUILD_DIR}/${UNLOCALIZED_RESOURCES_FOLDER_PATH}/gRPCCertificates.bundle",
				"${TARGET_BUILD_DIR}/${UNLOCALIZED_RESOURCES_FOLDER_PATH}/FirebaseAnonymousAuthUI.bundle",
				"${TARGET_BUILD_DIR}/${UNLOCALIZED_RESOURCES_FOLDER_PATH}/FirebaseAuthUI.bundle",
				"${TARGET_BUILD_DIR}/${UNLOCALIZED_RESOURCES_FOLDER_PATH}/FirebaseFacebookAuthUI.bundle",
				"${TARGET_BUILD_DIR}/${UNLOCALIZED_RESOURCES_FOLDER_PATH}/FirebaseGoogleAuthUI.bundle",
				"${TARGET_BUILD_DIR}/${UNLOCALIZED_RESOURCES_FOLDER_PATH}/FirebasePhoneAuthUI.bundle",
				"${TARGET_BUILD_DIR}/${UNLOCALIZED_RESOURCES_FOLDER_PATH}/FirebaseTwitterAuthUI.bundle",
				"${TARGET_BUILD_DIR}/${UNLOCALIZED_RESOURCES_FOLDER_PATH}/GoogleSignIn.bundle",
				"${TARGET_BUILD_DIR}/${UNLOCALIZED_RESOURCES_FOLDER_PATH}/TwitterKitResources.bundle",
			);
			runOnlyForDeploymentPostprocessing = 0;
			shellPath = /bin/sh;
			shellScript = "\"${SRCROOT}/Pods/Target Support Files/Pods-PokemonProject/Pods-PokemonProject-resources.sh\"\n";
			showEnvVarsInLog = 0;
		};
/* End PBXShellScriptBuildPhase section */

/* Begin PBXSourcesBuildPhase section */
		6AF8CB9721ADDD070060ECBB /* Sources */ = {
			isa = PBXSourcesBuildPhase;
			buildActionMask = 2147483647;
			files = (
				6AF02BCA21BC402800AD65A0 /* GameViewController.swift in Sources */,
				6AF8CBB321AE0F0F0060ECBB /* ProfileViewController.swift in Sources */,
				6AC485F121BCC31500F1C997 /* FightViewController.swift in Sources */,
				6AA91B1521C5968F009D96DE /* NewPokemonViewController.swift in Sources */,
				6AF02BCC21BC6B7D00AD65A0 /* ReplaceControllerSegue.swift in Sources */,
				6AF8CBA121ADDD070060ECBB /* ViewController.swift in Sources */,
				6AA91B1321C58D6E009D96DE /* HighScoreTableViewController.swift in Sources */,
				6AABC3B021B4B2BF00E32DD3 /* SignUpViewController.swift in Sources */,
				6AF8CB9F21ADDD070060ECBB /* AppDelegate.swift in Sources */,
			);
			runOnlyForDeploymentPostprocessing = 0;
		};
/* End PBXSourcesBuildPhase section */

/* Begin PBXVariantGroup section */
		6AF8CBA221ADDD070060ECBB /* Main.storyboard */ = {
			isa = PBXVariantGroup;
			children = (
				6AF8CBA321ADDD070060ECBB /* Base */,
			);
			name = Main.storyboard;
			sourceTree = "<group>";
		};
		6AF8CBA721ADDD070060ECBB /* LaunchScreen.storyboard */ = {
			isa = PBXVariantGroup;
			children = (
				6AF8CBA821ADDD070060ECBB /* Base */,
			);
			name = LaunchScreen.storyboard;
			sourceTree = "<group>";
		};
/* End PBXVariantGroup section */

/* Begin XCBuildConfiguration section */
		6AF8CBAB21ADDD070060ECBB /* Debug */ = {
			isa = XCBuildConfiguration;
			buildSettings = {
				ALWAYS_SEARCH_USER_PATHS = NO;
				CLANG_ANALYZER_NONNULL = YES;
				CLANG_ANALYZER_NUMBER_OBJECT_CONVERSION = YES_AGGRESSIVE;
				CLANG_CXX_LANGUAGE_STANDARD = "gnu++14";
				CLANG_CXX_LIBRARY = "libc++";
				CLANG_ENABLE_MODULES = YES;
				CLANG_ENABLE_OBJC_ARC = YES;
				CLANG_ENABLE_OBJC_WEAK = YES;
				CLANG_WARN_BLOCK_CAPTURE_AUTORELEASING = YES;
				CLANG_WARN_BOOL_CONVERSION = YES;
				CLANG_WARN_COMMA = YES;
				CLANG_WARN_CONSTANT_CONVERSION = YES;
				CLANG_WARN_DEPRECATED_OBJC_IMPLEMENTATIONS = YES;
				CLANG_WARN_DIRECT_OBJC_ISA_USAGE = YES_ERROR;
				CLANG_WARN_DOCUMENTATION_COMMENTS = YES;
				CLANG_WARN_EMPTY_BODY = YES;
				CLANG_WARN_ENUM_CONVERSION = YES;
				CLANG_WARN_INFINITE_RECURSION = YES;
				CLANG_WARN_INT_CONVERSION = YES;
				CLANG_WARN_NON_LITERAL_NULL_CONVERSION = YES;
				CLANG_WARN_OBJC_IMPLICIT_RETAIN_SELF = YES;
				CLANG_WARN_OBJC_LITERAL_CONVERSION = YES;
				CLANG_WARN_OBJC_ROOT_CLASS = YES_ERROR;
				CLANG_WARN_RANGE_LOOP_ANALYSIS = YES;
				CLANG_WARN_STRICT_PROTOTYPES = YES;
				CLANG_WARN_SUSPICIOUS_MOVE = YES;
				CLANG_WARN_UNGUARDED_AVAILABILITY = YES_AGGRESSIVE;
				CLANG_WARN_UNREACHABLE_CODE = YES;
				CLANG_WARN__DUPLICATE_METHOD_MATCH = YES;
				CODE_SIGN_IDENTITY = "iPhone Developer";
				COPY_PHASE_STRIP = NO;
				DEBUG_INFORMATION_FORMAT = dwarf;
				ENABLE_STRICT_OBJC_MSGSEND = YES;
				ENABLE_TESTABILITY = YES;
				GCC_C_LANGUAGE_STANDARD = gnu11;
				GCC_DYNAMIC_NO_PIC = NO;
				GCC_NO_COMMON_BLOCKS = YES;
				GCC_OPTIMIZATION_LEVEL = 0;
				GCC_PREPROCESSOR_DEFINITIONS = (
					"DEBUG=1",
					"$(inherited)",
				);
				GCC_WARN_64_TO_32_BIT_CONVERSION = YES;
				GCC_WARN_ABOUT_RETURN_TYPE = YES_ERROR;
				GCC_WARN_UNDECLARED_SELECTOR = YES;
				GCC_WARN_UNINITIALIZED_AUTOS = YES_AGGRESSIVE;
				GCC_WARN_UNUSED_FUNCTION = YES;
				GCC_WARN_UNUSED_VARIABLE = YES;
				IPHONEOS_DEPLOYMENT_TARGET = 12.1;
				MTL_ENABLE_DEBUG_INFO = INCLUDE_SOURCE;
				MTL_FAST_MATH = YES;
				ONLY_ACTIVE_ARCH = YES;
				SDKROOT = iphoneos;
				SWIFT_ACTIVE_COMPILATION_CONDITIONS = DEBUG;
				SWIFT_OPTIMIZATION_LEVEL = "-Onone";
			};
			name = Debug;
		};
		6AF8CBAC21ADDD070060ECBB /* Release */ = {
			isa = XCBuildConfiguration;
			buildSettings = {
				ALWAYS_SEARCH_USER_PATHS = NO;
				CLANG_ANALYZER_NONNULL = YES;
				CLANG_ANALYZER_NUMBER_OBJECT_CONVERSION = YES_AGGRESSIVE;
				CLANG_CXX_LANGUAGE_STANDARD = "gnu++14";
				CLANG_CXX_LIBRARY = "libc++";
				CLANG_ENABLE_MODULES = YES;
				CLANG_ENABLE_OBJC_ARC = YES;
				CLANG_ENABLE_OBJC_WEAK = YES;
				CLANG_WARN_BLOCK_CAPTURE_AUTORELEASING = YES;
				CLANG_WARN_BOOL_CONVERSION = YES;
				CLANG_WARN_COMMA = YES;
				CLANG_WARN_CONSTANT_CONVERSION = YES;
				CLANG_WARN_DEPRECATED_OBJC_IMPLEMENTATIONS = YES;
				CLANG_WARN_DIRECT_OBJC_ISA_USAGE = YES_ERROR;
				CLANG_WARN_DOCUMENTATION_COMMENTS = YES;
				CLANG_WARN_EMPTY_BODY = YES;
				CLANG_WARN_ENUM_CONVERSION = YES;
				CLANG_WARN_INFINITE_RECURSION = YES;
				CLANG_WARN_INT_CONVERSION = YES;
				CLANG_WARN_NON_LITERAL_NULL_CONVERSION = YES;
				CLANG_WARN_OBJC_IMPLICIT_RETAIN_SELF = YES;
				CLANG_WARN_OBJC_LITERAL_CONVERSION = YES;
				CLANG_WARN_OBJC_ROOT_CLASS = YES_ERROR;
				CLANG_WARN_RANGE_LOOP_ANALYSIS = YES;
				CLANG_WARN_STRICT_PROTOTYPES = YES;
				CLANG_WARN_SUSPICIOUS_MOVE = YES;
				CLANG_WARN_UNGUARDED_AVAILABILITY = YES_AGGRESSIVE;
				CLANG_WARN_UNREACHABLE_CODE = YES;
				CLANG_WARN__DUPLICATE_METHOD_MATCH = YES;
				CODE_SIGN_IDENTITY = "iPhone Developer";
				COPY_PHASE_STRIP = NO;
				DEBUG_INFORMATION_FORMAT = "dwarf-with-dsym";
				ENABLE_NS_ASSERTIONS = NO;
				ENABLE_STRICT_OBJC_MSGSEND = YES;
				GCC_C_LANGUAGE_STANDARD = gnu11;
				GCC_NO_COMMON_BLOCKS = YES;
				GCC_WARN_64_TO_32_BIT_CONVERSION = YES;
				GCC_WARN_ABOUT_RETURN_TYPE = YES_ERROR;
				GCC_WARN_UNDECLARED_SELECTOR = YES;
				GCC_WARN_UNINITIALIZED_AUTOS = YES_AGGRESSIVE;
				GCC_WARN_UNUSED_FUNCTION = YES;
				GCC_WARN_UNUSED_VARIABLE = YES;
				IPHONEOS_DEPLOYMENT_TARGET = 12.1;
				MTL_ENABLE_DEBUG_INFO = NO;
				MTL_FAST_MATH = YES;
				SDKROOT = iphoneos;
				SWIFT_COMPILATION_MODE = wholemodule;
				SWIFT_OPTIMIZATION_LEVEL = "-O";
				VALIDATE_PRODUCT = YES;
			};
			name = Release;
		};
		6AF8CBAE21ADDD070060ECBB /* Debug */ = {
			isa = XCBuildConfiguration;
			baseConfigurationReference = 2BDAE940599C1AE447994C78 /* Pods-PokemonProject.debug.xcconfig */;
			buildSettings = {
				ASSETCATALOG_COMPILER_APPICON_NAME = AppIcon;
				CODE_SIGN_STYLE = Automatic;
				INFOPLIST_FILE = PokemonProject/Info.plist;
				IPHONEOS_DEPLOYMENT_TARGET = 11.4;
				LD_RUNPATH_SEARCH_PATHS = (
					"$(inherited)",
					"@executable_path/Frameworks",
				);
				PRODUCT_BUNDLE_IDENTIFIER = Sheridan.PokemonProject;
				PRODUCT_NAME = "$(TARGET_NAME)";
				SWIFT_VERSION = 4.2;
				TARGETED_DEVICE_FAMILY = "1,2";
			};
			name = Debug;
		};
		6AF8CBAF21ADDD070060ECBB /* Release */ = {
			isa = XCBuildConfiguration;
			baseConfigurationReference = 36551A0B48ABAC087CBFF7D1 /* Pods-PokemonProject.release.xcconfig */;
			buildSettings = {
				ASSETCATALOG_COMPILER_APPICON_NAME = AppIcon;
				CODE_SIGN_STYLE = Automatic;
				INFOPLIST_FILE = PokemonProject/Info.plist;
				IPHONEOS_DEPLOYMENT_TARGET = 11.4;
				LD_RUNPATH_SEARCH_PATHS = (
					"$(inherited)",
					"@executable_path/Frameworks",
				);
				PRODUCT_BUNDLE_IDENTIFIER = Sheridan.PokemonProject;
				PRODUCT_NAME = "$(TARGET_NAME)";
				SWIFT_VERSION = 4.2;
				TARGETED_DEVICE_FAMILY = "1,2";
			};
			name = Release;
		};
/* End XCBuildConfiguration section */

/* Begin XCConfigurationList section */
		6AF8CB9621ADDD070060ECBB /* Build configuration list for PBXProject "PokemonProject" */ = {
			isa = XCConfigurationList;
			buildConfigurations = (
				6AF8CBAB21ADDD070060ECBB /* Debug */,
				6AF8CBAC21ADDD070060ECBB /* Release */,
			);
			defaultConfigurationIsVisible = 0;
			defaultConfigurationName = Release;
		};
		6AF8CBAD21ADDD070060ECBB /* Build configuration list for PBXNativeTarget "PokemonProject" */ = {
			isa = XCConfigurationList;
			buildConfigurations = (
				6AF8CBAE21ADDD070060ECBB /* Debug */,
				6AF8CBAF21ADDD070060ECBB /* Release */,
			);
			defaultConfigurationIsVisible = 0;
			defaultConfigurationName = Release;
		};
/* End XCConfigurationList section */
	};
	rootObject = 6AF8CB9321ADDD070060ECBB /* Project object */;
}
